{
  "name": "mocha-testing",
  "version": "1.0.0",
  "lockfileVersion": 3,
  "requires": true,
  "packages": {
    "": {
      "name": "mocha-testing",
      "version": "1.0.0",
      "license": "ISC",
      "dependencies": {
        "mocha-testing": "file:"
      }
    },
    "node_modules/mocha-testing": {
      "resolved": "",
      "link": true
    }
  }
}
